// !$*UTF8*$!
{
	archiveVersion = 1;
	classes = {
	};
	objectVersion = 56;
	objects = {

/* Begin PBXBuildFile section */
		841E13E12DB7AB6500DFD07C /* verbs.json in Resources */ = {isa = PBXBuildFile; fileRef = 841E13E02DB7AB6500DFD07C /* verbs.json */; };
		841E13E32DB7CDA500DFD07C /* VerbCardView.swift in Sources */ = {isa = PBXBuildFile; fileRef = 841E13E22DB7CDA500DFD07C /* VerbCardView.swift */; };
		842489462C1733F40060FE60 /* NetworkService.swift in Sources */ = {isa = PBXBuildFile; fileRef = 842489452C1733F40060FE60 /* NetworkService.swift */; };
		842489482C17346D0060FE60 /* WordService.swift in Sources */ = {isa = PBXBuildFile; fileRef = 842489472C17346D0060FE60 /* WordService.swift */; };
		8424894B2C1734A10060FE60 /* WordModel.swift in Sources */ = {isa = PBXBuildFile; fileRef = 8424894A2C1734A10060FE60 /* WordModel.swift */; };
		844032CB2DB14AB800A52B39 /* VerbModel.swift in Sources */ = {isa = PBXBuildFile; fileRef = 844032CA2DB14AB100A52B39 /* VerbModel.swift */; };
		844032CF2DB14E9100A52B39 /* VerbView.swift in Sources */ = {isa = PBXBuildFile; fileRef = 844032CE2DB14E9100A52B39 /* VerbView.swift */; };
		84420A922C415FEB008A6F79 /* CharViewForGame.swift in Sources */ = {isa = PBXBuildFile; fileRef = 84420A912C415FEB008A6F79 /* CharViewForGame.swift */; };
		84420A942C416154008A6F79 /* WordDayView.swift in Sources */ = {isa = PBXBuildFile; fileRef = 84420A932C416154008A6F79 /* WordDayView.swift */; };
		845596092DBBD03800FB27F7 /* VerbTenseView.swift in Sources */ = {isa = PBXBuildFile; fileRef = 845596082DBBD03800FB27F7 /* VerbTenseView.swift */; };
		8455960C2DBCD4C500FB27F7 /* Text+Extension.swift in Sources */ = {isa = PBXBuildFile; fileRef = 8455960B2DBCD4C500FB27F7 /* Text+Extension.swift */; };
		8488B11D2C11BB9F0044D455 /* GreekWordsA2App.swift in Sources */ = {isa = PBXBuildFile; fileRef = 8488B11C2C11BB9F0044D455 /* GreekWordsA2App.swift */; };
		8488B11F2C11BB9F0044D455 /* ChooseTypeView.swift in Sources */ = {isa = PBXBuildFile; fileRef = 8488B11E2C11BB9F0044D455 /* ChooseTypeView.swift */; };
		8488B1212C11BBA00044D455 /* Assets.xcassets in Resources */ = {isa = PBXBuildFile; fileRef = 8488B1202C11BBA00044D455 /* Assets.xcassets */; };
		8488B1242C11BBA00044D455 /* Preview Assets.xcassets in Resources */ = {isa = PBXBuildFile; fileRef = 8488B1232C11BBA00044D455 /* Preview Assets.xcassets */; };
		849217B32C2028DE00C84401 /* GroupsView.swift in Sources */ = {isa = PBXBuildFile; fileRef = 849217B22C2028DE00C84401 /* GroupsView.swift */; };
		849217B62C202C2C00C84401 /* GroupsViewModel.swift in Sources */ = {isa = PBXBuildFile; fileRef = 849217B52C202C2C00C84401 /* GroupsViewModel.swift */; };
		849217BA2C20318B00C84401 /* BackButton.swift in Sources */ = {isa = PBXBuildFile; fileRef = 849217B92C20318B00C84401 /* BackButton.swift */; };
		84A7920D2C5D132300848517 /* WordsDayViewModel.swift in Sources */ = {isa = PBXBuildFile; fileRef = 84A7920C2C5D132300848517 /* WordsDayViewModel.swift */; };
		84D675352C2191C5003DBC2A /* QuizView.swift in Sources */ = {isa = PBXBuildFile; fileRef = 84D675342C2191C5003DBC2A /* QuizView.swift */; };
		84E39EA72DBFBCF7009A7BC9 /* SwipeDismissModifier.swift in Sources */ = {isa = PBXBuildFile; fileRef = 84E39EA62DBFBCF7009A7BC9 /* SwipeDismissModifier.swift */; };
		84F2B03B2C9DC6F5008A9774 /* LaunchScreenView.swift in Sources */ = {isa = PBXBuildFile; fileRef = 84F2B03A2C9DC6F5008A9774 /* LaunchScreenView.swift */; };
/* End PBXBuildFile section */

/* Begin PBXFileReference section */
		841E13E02DB7AB6500DFD07C /* verbs.json */ = {isa = PBXFileReference; lastKnownFileType = text.json; path = verbs.json; sourceTree = "<group>"; };
		841E13E22DB7CDA500DFD07C /* VerbCardView.swift */ = {isa = PBXFileReference; lastKnownFileType = sourcecode.swift; path = VerbCardView.swift; sourceTree = "<group>"; };
		842489452C1733F40060FE60 /* NetworkService.swift */ = {isa = PBXFileReference; lastKnownFileType = sourcecode.swift; path = NetworkService.swift; sourceTree = "<group>"; };
		842489472C17346D0060FE60 /* WordService.swift */ = {isa = PBXFileReference; lastKnownFileType = sourcecode.swift; path = WordService.swift; sourceTree = "<group>"; };
		8424894A2C1734A10060FE60 /* WordModel.swift */ = {isa = PBXFileReference; lastKnownFileType = sourcecode.swift; path = WordModel.swift; sourceTree = "<group>"; };
		844032CA2DB14AB100A52B39 /* VerbModel.swift */ = {isa = PBXFileReference; lastKnownFileType = sourcecode.swift; path = VerbModel.swift; sourceTree = "<group>"; };
		844032CE2DB14E9100A52B39 /* VerbView.swift */ = {isa = PBXFileReference; lastKnownFileType = sourcecode.swift; path = VerbView.swift; sourceTree = "<group>"; };
		84420A912C415FEB008A6F79 /* CharViewForGame.swift */ = {isa = PBXFileReference; lastKnownFileType = sourcecode.swift; path = CharViewForGame.swift; sourceTree = "<group>"; };
		84420A932C416154008A6F79 /* WordDayView.swift */ = {isa = PBXFileReference; lastKnownFileType = sourcecode.swift; path = WordDayView.swift; sourceTree = "<group>"; };
		845596082DBBD03800FB27F7 /* VerbTenseView.swift */ = {isa = PBXFileReference; lastKnownFileType = sourcecode.swift; path = VerbTenseView.swift; sourceTree = "<group>"; };
		8455960B2DBCD4C500FB27F7 /* Text+Extension.swift */ = {isa = PBXFileReference; lastKnownFileType = sourcecode.swift; path = "Text+Extension.swift"; sourceTree = "<group>"; };
		8488B1192C11BB9F0044D455 /* GreekWordsA2.app */ = {isa = PBXFileReference; explicitFileType = wrapper.application; includeInIndex = 0; path = GreekWordsA2.app; sourceTree = BUILT_PRODUCTS_DIR; };
		8488B11C2C11BB9F0044D455 /* GreekWordsA2App.swift */ = {isa = PBXFileReference; lastKnownFileType = sourcecode.swift; path = GreekWordsA2App.swift; sourceTree = "<group>"; };
		8488B11E2C11BB9F0044D455 /* ChooseTypeView.swift */ = {isa = PBXFileReference; lastKnownFileType = sourcecode.swift; path = ChooseTypeView.swift; sourceTree = "<group>"; };
		8488B1202C11BBA00044D455 /* Assets.xcassets */ = {isa = PBXFileReference; lastKnownFileType = folder.assetcatalog; path = Assets.xcassets; sourceTree = "<group>"; };
		8488B1232C11BBA00044D455 /* Preview Assets.xcassets */ = {isa = PBXFileReference; lastKnownFileType = folder.assetcatalog; path = "Preview Assets.xcassets"; sourceTree = "<group>"; };
		849217B22C2028DE00C84401 /* GroupsView.swift */ = {isa = PBXFileReference; lastKnownFileType = sourcecode.swift; path = GroupsView.swift; sourceTree = "<group>"; };
		849217B52C202C2C00C84401 /* GroupsViewModel.swift */ = {isa = PBXFileReference; lastKnownFileType = sourcecode.swift; path = GroupsViewModel.swift; sourceTree = "<group>"; };
		849217B92C20318B00C84401 /* BackButton.swift */ = {isa = PBXFileReference; lastKnownFileType = sourcecode.swift; path = BackButton.swift; sourceTree = "<group>"; };
		84A7920C2C5D132300848517 /* WordsDayViewModel.swift */ = {isa = PBXFileReference; lastKnownFileType = sourcecode.swift; path = WordsDayViewModel.swift; sourceTree = "<group>"; };
		84D675342C2191C5003DBC2A /* QuizView.swift */ = {isa = PBXFileReference; lastKnownFileType = sourcecode.swift; path = QuizView.swift; sourceTree = "<group>"; };
		84E39EA62DBFBCF7009A7BC9 /* SwipeDismissModifier.swift */ = {isa = PBXFileReference; lastKnownFileType = sourcecode.swift; path = SwipeDismissModifier.swift; sourceTree = "<group>"; };
		84F2B03A2C9DC6F5008A9774 /* LaunchScreenView.swift */ = {isa = PBXFileReference; lastKnownFileType = sourcecode.swift; path = LaunchScreenView.swift; sourceTree = "<group>"; };
/* End PBXFileReference section */

/* Begin PBXFrameworksBuildPhase section */
		8488B1162C11BB9F0044D455 /* Frameworks */ = {
			isa = PBXFrameworksBuildPhase;
			buildActionMask = 2147483647;
			files = (
			);
			runOnlyForDeploymentPostprocessing = 0;
		};
/* End PBXFrameworksBuildPhase section */

/* Begin PBXGroup section */
		842489442C1733DC0060FE60 /* Services */ = {
			isa = PBXGroup;
			children = (
				842489452C1733F40060FE60 /* NetworkService.swift */,
				842489472C17346D0060FE60 /* WordService.swift */,
			);
			path = Services;
			sourceTree = "<group>";
		};
		842489492C1734840060FE60 /* Models */ = {
			isa = PBXGroup;
			children = (
				8424894A2C1734A10060FE60 /* WordModel.swift */,
				844032CA2DB14AB100A52B39 /* VerbModel.swift */,
			);
			path = Models;
			sourceTree = "<group>";
		};
		8424894C2C1736320060FE60 /* Views */ = {
			isa = PBXGroup;
			children = (
				84F2B03A2C9DC6F5008A9774 /* LaunchScreenView.swift */,
				849217B92C20318B00C84401 /* BackButton.swift */,
				8488B11E2C11BB9F0044D455 /* ChooseTypeView.swift */,
				849217B22C2028DE00C84401 /* GroupsView.swift */,
				84D675342C2191C5003DBC2A /* QuizView.swift */,
				844032CE2DB14E9100A52B39 /* VerbView.swift */,
				841E13E22DB7CDA500DFD07C /* VerbCardView.swift */,
				845596082DBBD03800FB27F7 /* VerbTenseView.swift */,
				84420A932C416154008A6F79 /* WordDayView.swift */,
				84420A912C415FEB008A6F79 /* CharViewForGame.swift */,
			);
			path = Views;
			sourceTree = "<group>";
		};
		8455960A2DBCD4A700FB27F7 /* Helper */ = {
			isa = PBXGroup;
			children = (
				8455960B2DBCD4C500FB27F7 /* Text+Extension.swift */,
				84E39EA62DBFBCF7009A7BC9 /* SwipeDismissModifier.swift */,
			);
			path = Helper;
			sourceTree = "<group>";
		};
		8488B1102C11BB9F0044D455 = {
			isa = PBXGroup;
			children = (
				8488B11B2C11BB9F0044D455 /* GreekWordsA2 */,
				8488B11A2C11BB9F0044D455 /* Products */,
			);
			sourceTree = "<group>";
		};
		8488B11A2C11BB9F0044D455 /* Products */ = {
			isa = PBXGroup;
			children = (
				8488B1192C11BB9F0044D455 /* GreekWordsA2.app */,
			);
			name = Products;
			sourceTree = "<group>";
		};
		8488B11B2C11BB9F0044D455 /* GreekWordsA2 */ = {
			isa = PBXGroup;
			children = (
				8488B11C2C11BB9F0044D455 /* GreekWordsA2App.swift */,
				8424894C2C1736320060FE60 /* Views */,
				842489492C1734840060FE60 /* Models */,
				849217B42C202C0800C84401 /* ViewModels */,
				842489442C1733DC0060FE60 /* Services */,
				8455960A2DBCD4A700FB27F7 /* Helper */,
				8488B1202C11BBA00044D455 /* Assets.xcassets */,
				841E13E02DB7AB6500DFD07C /* verbs.json */,
				8488B1222C11BBA00044D455 /* Preview Content */,
			);
			path = GreekWordsA2;
			sourceTree = "<group>";
		};
		8488B1222C11BBA00044D455 /* Preview Content */ = {
			isa = PBXGroup;
			children = (
				8488B1232C11BBA00044D455 /* Preview Assets.xcassets */,
			);
			path = "Preview Content";
			sourceTree = "<group>";
		};
		849217B42C202C0800C84401 /* ViewModels */ = {
			isa = PBXGroup;
			children = (
				849217B52C202C2C00C84401 /* GroupsViewModel.swift */,
				84A7920C2C5D132300848517 /* WordsDayViewModel.swift */,
			);
			path = ViewModels;
			sourceTree = "<group>";
		};
/* End PBXGroup section */

/* Begin PBXNativeTarget section */
		8488B1182C11BB9F0044D455 /* GreekWordsA2 */ = {
			isa = PBXNativeTarget;
			buildConfigurationList = 8488B1272C11BBA00044D455 /* Build configuration list for PBXNativeTarget "GreekWordsA2" */;
			buildPhases = (
				8488B1152C11BB9F0044D455 /* Sources */,
				8488B1162C11BB9F0044D455 /* Frameworks */,
				8488B1172C11BB9F0044D455 /* Resources */,
				8488B12A2C11F0A60044D455 /* ShellScript */,
			);
			buildRules = (
			);
			dependencies = (
			);
			name = GreekWordsA2;
			productName = GreekWordsA2;
			productReference = 8488B1192C11BB9F0044D455 /* GreekWordsA2.app */;
			productType = "com.apple.product-type.application";
		};
/* End PBXNativeTarget section */

/* Begin PBXProject section */
		8488B1112C11BB9F0044D455 /* Project object */ = {
			isa = PBXProject;
			attributes = {
				BuildIndependentTargetsInParallel = 1;
				LastSwiftUpdateCheck = 1540;
				LastUpgradeCheck = 1540;
				TargetAttributes = {
					8488B1182C11BB9F0044D455 = {
						CreatedOnToolsVersion = 15.4;
					};
				};
			};
			buildConfigurationList = 8488B1142C11BB9F0044D455 /* Build configuration list for PBXProject "GreekWordsA2" */;
			compatibilityVersion = "Xcode 14.0";
			developmentRegion = en;
			hasScannedForEncodings = 0;
			knownRegions = (
				en,
				Base,
			);
			mainGroup = 8488B1102C11BB9F0044D455;
			productRefGroup = 8488B11A2C11BB9F0044D455 /* Products */;
			projectDirPath = "";
			projectRoot = "";
			targets = (
				8488B1182C11BB9F0044D455 /* GreekWordsA2 */,
			);
		};
/* End PBXProject section */

/* Begin PBXResourcesBuildPhase section */
		8488B1172C11BB9F0044D455 /* Resources */ = {
			isa = PBXResourcesBuildPhase;
			buildActionMask = 2147483647;
			files = (
				8488B1242C11BBA00044D455 /* Preview Assets.xcassets in Resources */,
				841E13E12DB7AB6500DFD07C /* verbs.json in Resources */,
				8488B1212C11BBA00044D455 /* Assets.xcassets in Resources */,
			);
			runOnlyForDeploymentPostprocessing = 0;
		};
/* End PBXResourcesBuildPhase section */

/* Begin PBXShellScriptBuildPhase section */
		8488B12A2C11F0A60044D455 /* ShellScript */ = {
			isa = PBXShellScriptBuildPhase;
			buildActionMask = 2147483647;
			files = (
			);
			inputFileListPaths = (
			);
			inputPaths = (
			);
			outputFileListPaths = (
			);
			outputPaths = (
			);
			runOnlyForDeploymentPostprocessing = 0;
			shellPath = /bin/sh;
			shellScript = "if [[ \"$(uname -m)\" == arm64 ]]; then\n    export PATH=\"/opt/homebrew/bin:$PATH\"\nfi\n\nif which swiftlint > /dev/null; then\n  swiftlint\nelse\n  echo \"warning: SwiftLint not installed, download from https://github.com/realm/SwiftLint\"\nfi\n\n";
		};
/* End PBXShellScriptBuildPhase section */

/* Begin PBXSourcesBuildPhase section */
		8488B1152C11BB9F0044D455 /* Sources */ = {
			isa = PBXSourcesBuildPhase;
			buildActionMask = 2147483647;
			files = (
				849217BA2C20318B00C84401 /* BackButton.swift in Sources */,
				841E13E32DB7CDA500DFD07C /* VerbCardView.swift in Sources */,
				84F2B03B2C9DC6F5008A9774 /* LaunchScreenView.swift in Sources */,
				849217B32C2028DE00C84401 /* GroupsView.swift in Sources */,
				84E39EA72DBFBCF7009A7BC9 /* SwipeDismissModifier.swift in Sources */,
				8455960C2DBCD4C500FB27F7 /* Text+Extension.swift in Sources */,
				84420A922C415FEB008A6F79 /* CharViewForGame.swift in Sources */,
				84D675352C2191C5003DBC2A /* QuizView.swift in Sources */,
				849217B62C202C2C00C84401 /* GroupsViewModel.swift in Sources */,
				844032CB2DB14AB800A52B39 /* VerbModel.swift in Sources */,
				84420A942C416154008A6F79 /* WordDayView.swift in Sources */,
				845596092DBBD03800FB27F7 /* VerbTenseView.swift in Sources */,
				8488B11F2C11BB9F0044D455 /* ChooseTypeView.swift in Sources */,
				842489482C17346D0060FE60 /* WordService.swift in Sources */,
				8488B11D2C11BB9F0044D455 /* GreekWordsA2App.swift in Sources */,
				842489462C1733F40060FE60 /* NetworkService.swift in Sources */,
				844032CF2DB14E9100A52B39 /* VerbView.swift in Sources */,
				8424894B2C1734A10060FE60 /* WordModel.swift in Sources */,
				84A7920D2C5D132300848517 /* WordsDayViewModel.swift in Sources */,
			);
			runOnlyForDeploymentPostprocessing = 0;
		};
/* End PBXSourcesBuildPhase section */

/* Begin XCBuildConfiguration section */
		8488B1252C11BBA00044D455 /* Debug */ = {
			isa = XCBuildConfiguration;
			buildSettings = {
				ALWAYS_SEARCH_USER_PATHS = NO;
				ASSETCATALOG_COMPILER_GENERATE_SWIFT_ASSET_SYMBOL_EXTENSIONS = YES;
				CLANG_ANALYZER_NONNULL = YES;
				CLANG_ANALYZER_NUMBER_OBJECT_CONVERSION = YES_AGGRESSIVE;
				CLANG_CXX_LANGUAGE_STANDARD = "gnu++20";
				CLANG_ENABLE_MODULES = YES;
				CLANG_ENABLE_OBJC_ARC = YES;
				CLANG_ENABLE_OBJC_WEAK = YES;
				CLANG_WARN_BLOCK_CAPTURE_AUTORELEASING = YES;
				CLANG_WARN_BOOL_CONVERSION = YES;
				CLANG_WARN_COMMA = YES;
				CLANG_WARN_CONSTANT_CONVERSION = YES;
				CLANG_WARN_DEPRECATED_OBJC_IMPLEMENTATIONS = YES;
				CLANG_WARN_DIRECT_OBJC_ISA_USAGE = YES_ERROR;
				CLANG_WARN_DOCUMENTATION_COMMENTS = YES;
				CLANG_WARN_EMPTY_BODY = YES;
				CLANG_WARN_ENUM_CONVERSION = YES;
				CLANG_WARN_INFINITE_RECURSION = YES;
				CLANG_WARN_INT_CONVERSION = YES;
				CLANG_WARN_NON_LITERAL_NULL_CONVERSION = YES;
				CLANG_WARN_OBJC_IMPLICIT_RETAIN_SELF = YES;
				CLANG_WARN_OBJC_LITERAL_CONVERSION = YES;
				CLANG_WARN_OBJC_ROOT_CLASS = YES_ERROR;
				CLANG_WARN_QUOTED_INCLUDE_IN_FRAMEWORK_HEADER = YES;
				CLANG_WARN_RANGE_LOOP_ANALYSIS = YES;
				CLANG_WARN_STRICT_PROTOTYPES = YES;
				CLANG_WARN_SUSPICIOUS_MOVE = YES;
				CLANG_WARN_UNGUARDED_AVAILABILITY = YES_AGGRESSIVE;
				CLANG_WARN_UNREACHABLE_CODE = YES;
				CLANG_WARN__DUPLICATE_METHOD_MATCH = YES;
				COPY_PHASE_STRIP = NO;
				DEBUG_INFORMATION_FORMAT = dwarf;
				ENABLE_STRICT_OBJC_MSGSEND = YES;
				ENABLE_TESTABILITY = YES;
				ENABLE_USER_SCRIPT_SANDBOXING = NO;
				GCC_C_LANGUAGE_STANDARD = gnu17;
				GCC_DYNAMIC_NO_PIC = NO;
				GCC_NO_COMMON_BLOCKS = YES;
				GCC_OPTIMIZATION_LEVEL = 0;
				GCC_PREPROCESSOR_DEFINITIONS = (
					"DEBUG=1",
					"$(inherited)",
				);
				GCC_WARN_64_TO_32_BIT_CONVERSION = YES;
				GCC_WARN_ABOUT_RETURN_TYPE = YES_ERROR;
				GCC_WARN_UNDECLARED_SELECTOR = YES;
				GCC_WARN_UNINITIALIZED_AUTOS = YES_AGGRESSIVE;
				GCC_WARN_UNUSED_FUNCTION = YES;
				GCC_WARN_UNUSED_VARIABLE = YES;
				IPHONEOS_DEPLOYMENT_TARGET = 16.0;
				LOCALIZATION_PREFERS_STRING_CATALOGS = YES;
				MTL_ENABLE_DEBUG_INFO = INCLUDE_SOURCE;
				MTL_FAST_MATH = YES;
				ONLY_ACTIVE_ARCH = YES;
				SDKROOT = iphoneos;
				SWIFT_ACTIVE_COMPILATION_CONDITIONS = "DEBUG $(inherited)";
				SWIFT_OPTIMIZATION_LEVEL = "-Onone";
			};
			name = Debug;
		};
		8488B1262C11BBA00044D455 /* Release */ = {
			isa = XCBuildConfiguration;
			buildSettings = {
				ALWAYS_SEARCH_USER_PATHS = NO;
				ASSETCATALOG_COMPILER_GENERATE_SWIFT_ASSET_SYMBOL_EXTENSIONS = YES;
				CLANG_ANALYZER_NONNULL = YES;
				CLANG_ANALYZER_NUMBER_OBJECT_CONVERSION = YES_AGGRESSIVE;
				CLANG_CXX_LANGUAGE_STANDARD = "gnu++20";
				CLANG_ENABLE_MODULES = YES;
				CLANG_ENABLE_OBJC_ARC = YES;
				CLANG_ENABLE_OBJC_WEAK = YES;
				CLANG_WARN_BLOCK_CAPTURE_AUTORELEASING = YES;
				CLANG_WARN_BOOL_CONVERSION = YES;
				CLANG_WARN_COMMA = YES;
				CLANG_WARN_CONSTANT_CONVERSION = YES;
				CLANG_WARN_DEPRECATED_OBJC_IMPLEMENTATIONS = YES;
				CLANG_WARN_DIRECT_OBJC_ISA_USAGE = YES_ERROR;
				CLANG_WARN_DOCUMENTATION_COMMENTS = YES;
				CLANG_WARN_EMPTY_BODY = YES;
				CLANG_WARN_ENUM_CONVERSION = YES;
				CLANG_WARN_INFINITE_RECURSION = YES;
				CLANG_WARN_INT_CONVERSION = YES;
				CLANG_WARN_NON_LITERAL_NULL_CONVERSION = YES;
				CLANG_WARN_OBJC_IMPLICIT_RETAIN_SELF = YES;
				CLANG_WARN_OBJC_LITERAL_CONVERSION = YES;
				CLANG_WARN_OBJC_ROOT_CLASS = YES_ERROR;
				CLANG_WARN_QUOTED_INCLUDE_IN_FRAMEWORK_HEADER = YES;
				CLANG_WARN_RANGE_LOOP_ANALYSIS = YES;
				CLANG_WARN_STRICT_PROTOTYPES = YES;
				CLANG_WARN_SUSPICIOUS_MOVE = YES;
				CLANG_WARN_UNGUARDED_AVAILABILITY = YES_AGGRESSIVE;
				CLANG_WARN_UNREACHABLE_CODE = YES;
				CLANG_WARN__DUPLICATE_METHOD_MATCH = YES;
				COPY_PHASE_STRIP = NO;
				DEBUG_INFORMATION_FORMAT = "dwarf-with-dsym";
				ENABLE_NS_ASSERTIONS = NO;
				ENABLE_STRICT_OBJC_MSGSEND = YES;
				ENABLE_USER_SCRIPT_SANDBOXING = NO;
				GCC_C_LANGUAGE_STANDARD = gnu17;
				GCC_NO_COMMON_BLOCKS = YES;
				GCC_WARN_64_TO_32_BIT_CONVERSION = YES;
				GCC_WARN_ABOUT_RETURN_TYPE = YES_ERROR;
				GCC_WARN_UNDECLARED_SELECTOR = YES;
				GCC_WARN_UNINITIALIZED_AUTOS = YES_AGGRESSIVE;
				GCC_WARN_UNUSED_FUNCTION = YES;
				GCC_WARN_UNUSED_VARIABLE = YES;
				IPHONEOS_DEPLOYMENT_TARGET = 16.0;
				LOCALIZATION_PREFERS_STRING_CATALOGS = YES;
				MTL_ENABLE_DEBUG_INFO = NO;
				MTL_FAST_MATH = YES;
				SDKROOT = iphoneos;
				SWIFT_COMPILATION_MODE = wholemodule;
				VALIDATE_PRODUCT = YES;
			};
			name = Release;
		};
		8488B1282C11BBA00044D455 /* Debug */ = {
			isa = XCBuildConfiguration;
			buildSettings = {
				ASSETCATALOG_COMPILER_APPICON_NAME = AppIcon;
				ASSETCATALOG_COMPILER_GLOBAL_ACCENT_COLOR_NAME = AccentColor;
				CODE_SIGN_STYLE = Automatic;
				CURRENT_PROJECT_VERSION = 1;
				DEVELOPMENT_ASSET_PATHS = "\"GreekWordsA2/Preview Content\"";
				DEVELOPMENT_TEAM = H2L9U6M2SX;
				ENABLE_PREVIEWS = YES;
				GENERATE_INFOPLIST_FILE = YES;
				INFOPLIST_KEY_UIApplicationSceneManifest_Generation = YES;
				INFOPLIST_KEY_UIApplicationSupportsIndirectInputEvents = YES;
				INFOPLIST_KEY_UILaunchScreen_Generation = YES;
				INFOPLIST_KEY_UIRequiresFullScreen = YES;
				INFOPLIST_KEY_UISupportedInterfaceOrientations = UIInterfaceOrientationPortrait;
				IPHONEOS_DEPLOYMENT_TARGET = 16;
				LD_RUNPATH_SEARCH_PATHS = (
					"$(inherited)",
					"@executable_path/Frameworks",
				);
				MARKETING_VERSION = 1.4;
				PRODUCT_BUNDLE_IDENTIFIER = cy.azonaz.GreekWordsA2;
				PRODUCT_NAME = "$(TARGET_NAME)";
				SUPPORTED_PLATFORMS = "iphoneos iphonesimulator";
				SUPPORTS_MACCATALYST = NO;
				SUPPORTS_MAC_DESIGNED_FOR_IPHONE_IPAD = NO;
				SUPPORTS_XR_DESIGNED_FOR_IPHONE_IPAD = NO;
				SWIFT_EMIT_LOC_STRINGS = YES;
				SWIFT_VERSION = 5.0;
				TARGETED_DEVICE_FAMILY = "1,2";
			};
			name = Debug;
		};
		8488B1292C11BBA00044D455 /* Release */ = {
			isa = XCBuildConfiguration;
			buildSettings = {
				ASSETCATALOG_COMPILER_APPICON_NAME = AppIcon;
				ASSETCATALOG_COMPILER_GLOBAL_ACCENT_COLOR_NAME = AccentColor;
				CODE_SIGN_STYLE = Automatic;
				CURRENT_PROJECT_VERSION = 1;
				DEVELOPMENT_ASSET_PATHS = "\"GreekWordsA2/Preview Content\"";
				DEVELOPMENT_TEAM = H2L9U6M2SX;
				ENABLE_PREVIEWS = YES;
				GENERATE_INFOPLIST_FILE = YES;
				INFOPLIST_KEY_UIApplicationSceneManifest_Generation = YES;
				INFOPLIST_KEY_UIApplicationSupportsIndirectInputEvents = YES;
				INFOPLIST_KEY_UILaunchScreen_Generation = YES;
				INFOPLIST_KEY_UIRequiresFullScreen = YES;
				INFOPLIST_KEY_UISupportedInterfaceOrientations = UIInterfaceOrientationPortrait;
				IPHONEOS_DEPLOYMENT_TARGET = 16;
				LD_RUNPATH_SEARCH_PATHS = (
					"$(inherited)",
					"@executable_path/Frameworks",
				);
				MARKETING_VERSION = 1.4;
				PRODUCT_BUNDLE_IDENTIFIER = cy.azonaz.GreekWordsA2;
				PRODUCT_NAME = "$(TARGET_NAME)";
				SUPPORTED_PLATFORMS = "iphoneos iphonesimulator";
				SUPPORTS_MACCATALYST = NO;
				SUPPORTS_MAC_DESIGNED_FOR_IPHONE_IPAD = NO;
				SUPPORTS_XR_DESIGNED_FOR_IPHONE_IPAD = NO;
				SWIFT_EMIT_LOC_STRINGS = YES;
				SWIFT_VERSION = 5.0;
				TARGETED_DEVICE_FAMILY = "1,2";
			};
			name = Release;
		};
/* End XCBuildConfiguration section */

/* Begin XCConfigurationList section */
		8488B1142C11BB9F0044D455 /* Build configuration list for PBXProject "GreekWordsA2" */ = {
			isa = XCConfigurationList;
			buildConfigurations = (
				8488B1252C11BBA00044D455 /* Debug */,
				8488B1262C11BBA00044D455 /* Release */,
			);
			defaultConfigurationIsVisible = 0;
			defaultConfigurationName = Release;
		};
		8488B1272C11BBA00044D455 /* Build configuration list for PBXNativeTarget "GreekWordsA2" */ = {
			isa = XCConfigurationList;
			buildConfigurations = (
				8488B1282C11BBA00044D455 /* Debug */,
				8488B1292C11BBA00044D455 /* Release */,
			);
			defaultConfigurationIsVisible = 0;
			defaultConfigurationName = Release;
		};
/* End XCConfigurationList section */
	};
	rootObject = 8488B1112C11BB9F0044D455 /* Project object */;
}
